
Microsoft Visual Studio Solution File, Format Version 12.00
# Visual Studio Version 17
VisualStudioVersion = 17.4.33213.308
MinimumVisualStudioVersion = 10.0.40219.1
Project("{9A19103F-16F7-4668-BE54-9A1E7A4F7556}") = "RepositoryPattern", "RepositoryPattern\RepositoryPattern.csproj", "{3FE6BDBA-41DB-4385-9EE8-CCB29C776AF2}"
EndProject
Project("{FAE04EC0-301F-11D3-BF4B-00C04F79EFBC}") = "Application", "Application\Application.csproj", "{ADE3B39F-7301-44B0-8C26-D15D6CD7AB6D}"
EndProject
Project("{FAE04EC0-301F-11D3-BF4B-00C04F79EFBC}") = "Domain", "Domain\Domain.csproj", "{3DAC6A5B-2E68-4669-B432-CA511D31A5BF}"
EndProject
Global
	GlobalSection(SolutionConfigurationPlatforms) = preSolution
		Debug|Any CPU = Debug|Any CPU
		Release|Any CPU = Release|Any CPU
	EndGlobalSection
	GlobalSection(ProjectConfigurationPlatforms) = postSolution
		{3FE6BDBA-41DB-4385-9EE8-CCB29C776AF2}.Debug|Any CPU.ActiveCfg = Debug|Any CPU
		{3FE6BDBA-41DB-4385-9EE8-CCB29C776AF2}.Debug|Any CPU.Build.0 = Debug|Any CPU
		{3FE6BDBA-41DB-4385-9EE8-CCB29C776AF2}.Release|Any CPU.ActiveCfg = Release|Any CPU
		{3FE6BDBA-41DB-4385-9EE8-CCB29C776AF2}.Release|Any CPU.Build.0 = Release|Any CPU
		{ADE3B39F-7301-44B0-8C26-D15D6CD7AB6D}.Debug|Any CPU.ActiveCfg = Debug|Any CPU
		{ADE3B39F-7301-44B0-8C26-D15D6CD7AB6D}.Debug|Any CPU.Build.0 = Debug|Any CPU
		{ADE3B39F-7301-44B0-8C26-D15D6CD7AB6D}.Release|Any CPU.ActiveCfg = Release|Any CPU
		{ADE3B39F-7301-44B0-8C26-D15D6CD7AB6D}.Release|Any CPU.Build.0 = Release|Any CPU
		{3DAC6A5B-2E68-4669-B432-CA511D31A5BF}.Debug|Any CPU.ActiveCfg = Debug|Any CPU
		{3DAC6A5B-2E68-4669-B432-CA511D31A5BF}.Debug|Any CPU.Build.0 = Debug|Any CPU
		{3DAC6A5B-2E68-4669-B432-CA511D31A5BF}.Release|Any CPU.ActiveCfg = Release|Any CPU
		{3DAC6A5B-2E68-4669-B432-CA511D31A5BF}.Release|Any CPU.Build.0 = Release|Any CPU
	EndGlobalSection
	GlobalSection(SolutionProperties) = preSolution
		HideSolutionNode = FALSE
	EndGlobalSection
	GlobalSection(ExtensibilityGlobals) = postSolution
		SolutionGuid = {127326A7-50DE-4273-8EB4-3CDBDCDFCB77}
	EndGlobalSection
EndGlobal
